{
  "name": "weui-miniprogram",
  "version": "1.0.0",
  "lockfileVersion": 3,
  "requires": true,
  "packages": {
    "": {
      "name": "weui-miniprogram",
      "version": "1.0.0",
      "license": "ISC",
      "dependencies": {
        "weui-miniprogram": "^1.2.7"
      }
    },
    "node_modules/weui-miniprogram": {
      "version": "1.2.7",
      "resolved": "https://registry.npmjs.org/weui-miniprogram/-/weui-miniprogram-1.2.7.tgz",
      "integrity": "sha512-KuoMzfwqw8x0jdURJc3NnsHziNOw11e6EJsW4mkROIH6QQjorMEhwAxj6aFZuPRnGZLFFFIz2TATxlUYxqoh0Q=="
    }
  }
}
